
Microsoft Visual Studio Solution File, Format Version 12.00
# Visual Studio Version 17
VisualStudioVersion = 17.14.37411.7
MinimumVisualStudioVersion = 10.0.40219.1
Project("{FAE04EC0-301F-11D3-BF4B-00C04F79EFBC}") = "Task _Manager", "Task _Manager\Task _Manager.csproj", "{DE6EEAF9-5D64-4E6A-81E7-586DC81F92F8}"
EndProject
Project("{FAE04EC0-301F-11D3-BF4B-00C04F79EFBC}") = "Task_Manager", "Task_Manager\Task_Manager.csproj", "{8B6194F1-A753-4956-BB2A-DDDBCD4C4D51}"
EndProject
Global
	GlobalSection(SolutionConfigurationPlatforms) = preSolution
		Debug|Any CPU = Debug|Any CPU
		Release|Any CPU = Release|Any CPU
	EndGlobalSection
	GlobalSection(ProjectConfigurationPlatforms) = postSolution
		{DE6EEAF9-5D64-4E6A-81E7-586DC81F92F8}.Debug|Any CPU.ActiveCfg = Debug|Any CPU
		{DE6EEAF9-5D64-4E6A-81E7-586DC81F92F8}.Debug|Any CPU.Build.0 = Debug|Any CPU
		{DE6EEAF9-5D64-4E6A-81E7-586DC81F92F8}.Release|Any CPU.ActiveCfg = Release|Any CPU
		{DE6EEAF9-5D64-4E6A-81E7-586DC81F92F8}.Release|Any CPU.Build.0 = Release|Any CPU
		{8B6194F1-A753-4956-BB2A-DDDBCD4C4D51}.Debug|Any CPU.ActiveCfg = Debug|Any CPU
		{8B6194F1-A753-4956-BB2A-DDDBCD4C4D51}.Debug|Any CPU.Build.0 = Debug|Any CPU
		{8B6194F1-A753-4956-BB2A-DDDBCD4C4D51}.Release|Any CPU.ActiveCfg = Release|Any CPU
		{8B6194F1-A753-4956-BB2A-DDDBCD4C4D51}.Release|Any CPU.Build.0 = Release|Any CPU
	EndGlobalSection
	GlobalSection(SolutionProperties) = preSolution
		HideSolutionNode = FALSE
	EndGlobalSection
	GlobalSection(ExtensibilityGlobals) = postSolution
		SolutionGuid = {74222A36-DE90-4354-A869-29D715DDD081}
	EndGlobalSection
EndGlobal
